
Microsoft Visual Studio Solution File, Format Version 12.00
# Visual Studio Version 17
VisualStudioVersion = 17.2.32630.192
MinimumVisualStudioVersion = 10.0.40219.1
Project("{FAE04EC0-301F-11D3-BF4B-00C04F79EFBC}") = "ParaClub", "ParaClub.csproj", "{CEE174C3-05A7-423C-96BA-0424BD5749DB}"
EndProject
Global
	GlobalSection(SolutionConfigurationPlatforms) = preSolution
		Debug|Any CPU = Debug|Any CPU
		Release|Any CPU = Release|Any CPU
	EndGlobalSection
	GlobalSection(ProjectConfigurationPlatforms) = postSolution
		{CEE174C3-05A7-423C-96BA-0424BD5749DB}.Debug|Any CPU.ActiveCfg = Debug|Any CPU
		{CEE174C3-05A7-423C-96BA-0424BD5749DB}.Debug|Any CPU.Build.0 = Debug|Any CPU
		{CEE174C3-05A7-423C-96BA-0424BD5749DB}.Release|Any CPU.ActiveCfg = Release|Any CPU
		{CEE174C3-05A7-423C-96BA-0424BD5749DB}.Release|Any CPU.Build.0 = Release|Any CPU
	EndGlobalSection
	GlobalSection(SolutionProperties) = preSolution
		HideSolutionNode = FALSE
	EndGlobalSection
	GlobalSection(ExtensibilityGlobals) = postSolution
		SolutionGuid = {B27CB4AF-B352-40D4-B156-29330D9E1896}
	EndGlobalSection
EndGlobal
